
Microsoft Visual Studio Solution File, Format Version 12.00
# Visual Studio Version 17
VisualStudioVersion = 17.5.002.0
MinimumVisualStudioVersion = 10.0.40219.1
Project("{9A19103F-16F7-4668-BE54-9A1E7A4F7556}") = "Lexico_1", "Lexico_1.csproj", "{6FBD3AFC-1342-4821-9623-312FDF75CF0A}"
EndProject
Global
	GlobalSection(SolutionConfigurationPlatforms) = preSolution
		Debug|Any CPU = Debug|Any CPU
		Release|Any CPU = Release|Any CPU
	EndGlobalSection
	GlobalSection(ProjectConfigurationPlatforms) = postSolution
		{6FBD3AFC-1342-4821-9623-312FDF75CF0A}.Debug|Any CPU.ActiveCfg = Debug|Any CPU
		{6FBD3AFC-1342-4821-9623-312FDF75CF0A}.Debug|Any CPU.Build.0 = Debug|Any CPU
		{6FBD3AFC-1342-4821-9623-312FDF75CF0A}.Release|Any CPU.ActiveCfg = Release|Any CPU
		{6FBD3AFC-1342-4821-9623-312FDF75CF0A}.Release|Any CPU.Build.0 = Release|Any CPU
	EndGlobalSection
	GlobalSection(SolutionProperties) = preSolution
		HideSolutionNode = FALSE
	EndGlobalSection
	GlobalSection(ExtensibilityGlobals) = postSolution
		SolutionGuid = {85ADCCAE-7F00-4961-B6B6-7792F62A6F05}
	EndGlobalSection
EndGlobal
