
Microsoft Visual Studio Solution File, Format Version 12.00
# Visual Studio Version 17
VisualStudioVersion = 17.5.002.0
MinimumVisualStudioVersion = 10.0.40219.1
Project("{9A19103F-16F7-4668-BE54-9A1E7A4F7556}") = "Lexico2", "Lexico2.csproj", "{CEDB4E52-CAF0-45BF-AD75-0FA327D65536}"
EndProject
Global
	GlobalSection(SolutionConfigurationPlatforms) = preSolution
		Debug|Any CPU = Debug|Any CPU
		Release|Any CPU = Release|Any CPU
	EndGlobalSection
	GlobalSection(ProjectConfigurationPlatforms) = postSolution
		{CEDB4E52-CAF0-45BF-AD75-0FA327D65536}.Debug|Any CPU.ActiveCfg = Debug|Any CPU
		{CEDB4E52-CAF0-45BF-AD75-0FA327D65536}.Debug|Any CPU.Build.0 = Debug|Any CPU
		{CEDB4E52-CAF0-45BF-AD75-0FA327D65536}.Release|Any CPU.ActiveCfg = Release|Any CPU
		{CEDB4E52-CAF0-45BF-AD75-0FA327D65536}.Release|Any CPU.Build.0 = Release|Any CPU
	EndGlobalSection
	GlobalSection(SolutionProperties) = preSolution
		HideSolutionNode = FALSE
	EndGlobalSection
	GlobalSection(ExtensibilityGlobals) = postSolution
		SolutionGuid = {997FFB79-AF69-47EB-B0FF-811288587A81}
	EndGlobalSection
EndGlobal
