
Microsoft Visual Studio Solution File, Format Version 12.00
# Visual Studio Version 17
VisualStudioVersion = 17.5.002.0
MinimumVisualStudioVersion = 10.0.40219.1
Project("{9A19103F-16F7-4668-BE54-9A1E7A4F7556}") = "Sintaxis_1", "Sintaxis_1.csproj", "{CE7012D7-5154-41E9-A449-EACFDF939FBA}"
EndProject
Global
	GlobalSection(SolutionConfigurationPlatforms) = preSolution
		Debug|Any CPU = Debug|Any CPU
		Release|Any CPU = Release|Any CPU
	EndGlobalSection
	GlobalSection(ProjectConfigurationPlatforms) = postSolution
		{CE7012D7-5154-41E9-A449-EACFDF939FBA}.Debug|Any CPU.ActiveCfg = Debug|Any CPU
		{CE7012D7-5154-41E9-A449-EACFDF939FBA}.Debug|Any CPU.Build.0 = Debug|Any CPU
		{CE7012D7-5154-41E9-A449-EACFDF939FBA}.Release|Any CPU.ActiveCfg = Release|Any CPU
		{CE7012D7-5154-41E9-A449-EACFDF939FBA}.Release|Any CPU.Build.0 = Release|Any CPU
	EndGlobalSection
	GlobalSection(SolutionProperties) = preSolution
		HideSolutionNode = FALSE
	EndGlobalSection
	GlobalSection(ExtensibilityGlobals) = postSolution
		SolutionGuid = {5A12499F-A121-4A3B-9AEF-1786C22AA78E}
	EndGlobalSection
EndGlobal
